
Microsoft Visual Studio Solution File, Format Version 12.00
# Visual Studio 15
VisualStudioVersion = 15.0.28010.2026
MinimumVisualStudioVersion = 10.0.40219.1
Project("{8BC9CEB8-8B4A-11D0-8D11-00A0C91BC942}") = "1 problem", "1 problem\1 problem.vcxproj", "{CDF64AA4-35DB-4B61-8F83-E001948273FA}"
EndProject
Global
	GlobalSection(SolutionConfigurationPlatforms) = preSolution
		Debug|x64 = Debug|x64
		Debug|x86 = Debug|x86
		Release|x64 = Release|x64
		Release|x86 = Release|x86
	EndGlobalSection
	GlobalSection(ProjectConfigurationPlatforms) = postSolution
		{CDF64AA4-35DB-4B61-8F83-E001948273FA}.Debug|x64.ActiveCfg = Debug|x64
		{CDF64AA4-35DB-4B61-8F83-E001948273FA}.Debug|x64.Build.0 = Debug|x64
		{CDF64AA4-35DB-4B61-8F83-E001948273FA}.Debug|x86.ActiveCfg = Debug|Win32
		{CDF64AA4-35DB-4B61-8F83-E001948273FA}.Debug|x86.Build.0 = Debug|Win32
		{CDF64AA4-35DB-4B61-8F83-E001948273FA}.Release|x64.ActiveCfg = Release|x64
		{CDF64AA4-35DB-4B61-8F83-E001948273FA}.Release|x64.Build.0 = Release|x64
		{CDF64AA4-35DB-4B61-8F83-E001948273FA}.Release|x86.ActiveCfg = Release|Win32
		{CDF64AA4-35DB-4B61-8F83-E001948273FA}.Release|x86.Build.0 = Release|Win32
	EndGlobalSection
	GlobalSection(SolutionProperties) = preSolution
		HideSolutionNode = FALSE
	EndGlobalSection
	GlobalSection(ExtensibilityGlobals) = postSolution
		SolutionGuid = {AD4E8EAE-BACC-47D1-9920-878D163A6A3D}
	EndGlobalSection
EndGlobal
