
Microsoft Visual Studio Solution File, Format Version 12.00
# Visual Studio 15
VisualStudioVersion = 15.0.28307.102
MinimumVisualStudioVersion = 10.0.40219.1
Project("{8BC9CEB8-8B4A-11D0-8D11-00A0C91BC942}") = "2 problem", "2 problem\2 problem.vcxproj", "{1B28A858-3210-4CB9-977D-76E1DF03ADB7}"
EndProject
Global
	GlobalSection(SolutionConfigurationPlatforms) = preSolution
		Debug|x64 = Debug|x64
		Debug|x86 = Debug|x86
		Release|x64 = Release|x64
		Release|x86 = Release|x86
	EndGlobalSection
	GlobalSection(ProjectConfigurationPlatforms) = postSolution
		{1B28A858-3210-4CB9-977D-76E1DF03ADB7}.Debug|x64.ActiveCfg = Debug|x64
		{1B28A858-3210-4CB9-977D-76E1DF03ADB7}.Debug|x64.Build.0 = Debug|x64
		{1B28A858-3210-4CB9-977D-76E1DF03ADB7}.Debug|x86.ActiveCfg = Debug|Win32
		{1B28A858-3210-4CB9-977D-76E1DF03ADB7}.Debug|x86.Build.0 = Debug|Win32
		{1B28A858-3210-4CB9-977D-76E1DF03ADB7}.Release|x64.ActiveCfg = Release|x64
		{1B28A858-3210-4CB9-977D-76E1DF03ADB7}.Release|x64.Build.0 = Release|x64
		{1B28A858-3210-4CB9-977D-76E1DF03ADB7}.Release|x86.ActiveCfg = Release|Win32
		{1B28A858-3210-4CB9-977D-76E1DF03ADB7}.Release|x86.Build.0 = Release|Win32
	EndGlobalSection
	GlobalSection(SolutionProperties) = preSolution
		HideSolutionNode = FALSE
	EndGlobalSection
	GlobalSection(ExtensibilityGlobals) = postSolution
		SolutionGuid = {00081EEE-7D97-48D9-9C11-5D87FBE95487}
	EndGlobalSection
EndGlobal
